
Microsoft Visual Studio Solution File, Format Version 12.00
# Visual Studio 15
VisualStudioVersion = 15.0.26730.3
MinimumVisualStudioVersion = 10.0.40219.1
Project("{FAE04EC0-301F-11D3-BF4B-00C04F79EFBC}") = "AppListasFilasPilha", "AppListasFilasPilha.csproj", "{D0288BC4-A80F-4355-B7E2-F45542D254AE}"
EndProject
Global
	GlobalSection(SolutionConfigurationPlatforms) = preSolution
		Debug|Any CPU = Debug|Any CPU
		Release|Any CPU = Release|Any CPU
	EndGlobalSection
	GlobalSection(ProjectConfigurationPlatforms) = postSolution
		{D0288BC4-A80F-4355-B7E2-F45542D254AE}.Debug|Any CPU.ActiveCfg = Debug|Any CPU
		{D0288BC4-A80F-4355-B7E2-F45542D254AE}.Debug|Any CPU.Build.0 = Debug|Any CPU
		{D0288BC4-A80F-4355-B7E2-F45542D254AE}.Release|Any CPU.ActiveCfg = Release|Any CPU
		{D0288BC4-A80F-4355-B7E2-F45542D254AE}.Release|Any CPU.Build.0 = Release|Any CPU
	EndGlobalSection
	GlobalSection(SolutionProperties) = preSolution
		HideSolutionNode = FALSE
	EndGlobalSection
	GlobalSection(ExtensibilityGlobals) = postSolution
		SolutionGuid = {3C56B0A0-84AC-4F15-9327-76FAD8ECEF9C}
	EndGlobalSection
EndGlobal
